
Microsoft Visual Studio Solution File, Format Version 12.00
# Visual Studio Version 17
VisualStudioVersion = 17.4.33205.214
MinimumVisualStudioVersion = 10.0.40219.1
Project("{FAE04EC0-301F-11D3-BF4B-00C04F79EFBC}") = "UC-4_ MoodAnalyserFactory", "UC-4_ MoodAnalyserFactory.csproj", "{242B95AE-98AE-4562-AF14-F0049CC96007}"
EndProject
Project("{FAE04EC0-301F-11D3-BF4B-00C04F79EFBC}") = "TC-4.2", "..\TC-4.2\TC-4.2.csproj", "{A65017BC-9ABA-470F-A7DF-6F12561E7960}"
EndProject
Global
	GlobalSection(SolutionConfigurationPlatforms) = preSolution
		Debug|Any CPU = Debug|Any CPU
		Release|Any CPU = Release|Any CPU
	EndGlobalSection
	GlobalSection(ProjectConfigurationPlatforms) = postSolution
		{242B95AE-98AE-4562-AF14-F0049CC96007}.Debug|Any CPU.ActiveCfg = Debug|Any CPU
		{242B95AE-98AE-4562-AF14-F0049CC96007}.Debug|Any CPU.Build.0 = Debug|Any CPU
		{242B95AE-98AE-4562-AF14-F0049CC96007}.Release|Any CPU.ActiveCfg = Release|Any CPU
		{242B95AE-98AE-4562-AF14-F0049CC96007}.Release|Any CPU.Build.0 = Release|Any CPU
		{A65017BC-9ABA-470F-A7DF-6F12561E7960}.Debug|Any CPU.ActiveCfg = Debug|Any CPU
		{A65017BC-9ABA-470F-A7DF-6F12561E7960}.Debug|Any CPU.Build.0 = Debug|Any CPU
		{A65017BC-9ABA-470F-A7DF-6F12561E7960}.Release|Any CPU.ActiveCfg = Release|Any CPU
		{A65017BC-9ABA-470F-A7DF-6F12561E7960}.Release|Any CPU.Build.0 = Release|Any CPU
	EndGlobalSection
	GlobalSection(SolutionProperties) = preSolution
		HideSolutionNode = FALSE
	EndGlobalSection
	GlobalSection(ExtensibilityGlobals) = postSolution
		SolutionGuid = {FA3056D9-5B31-446B-A79A-C8CB9D9755B7}
	EndGlobalSection
EndGlobal
